schema: '2.0'
stages:
  make_datasets:
    cmd:
    - python -m src.data.make_datasets data/raw/action_train.csv data/raw/person.csv
      data/processed/train_dataset.parquet
    - python -m src.data.make_datasets data/raw/action_test.csv data/raw/person.csv
      data/processed/test_dataset.parquet
    deps:
    - path: data/raw/action_test.csv
      hash: md5
      md5: da0a00a01d298d5967c88cf8f341d0b6
      size: 34404260
    - path: data/raw/action_train.csv
      hash: md5
      md5: f8f7381d6443a1b0de1df6d724b2fb41
      size: 156708085
    - path: data/raw/person.csv
      hash: md5
      md5: c2d6dc6343dd9066285b45a144cd64b2
      size: 50633728
    - path: src/data/make_datasets.py
      hash: md5
      md5: 0167385c5dc3a905c9e51cea647bcc9c
      size: 1640
    outs:
    - path: data/processed/test_dataset.parquet
      hash: md5
      md5: 3ff12255856467299e3044436fded357
      size: 2859443
    - path: data/processed/train_dataset.parquet
      hash: md5
      md5: 0cf32f99de018224e3bf863269480e8f
      size: 12694337
